<?xml version="1.0" encoding="utf-8"?>
<Project ToolsVersion="4.0" xmlns="http://schemas.microsoft.com/developer/msbuild/2003">
  <ItemGroup>
    <Filter Include="Form Files">
      <UniqueIdentifier>{99349809-55BA-4b9d-BF79-8FDBB0286EB3}</UniqueIdentifier>
      <Extensions>ui</Extensions>
      <ParseFiles>false</ParseFiles>
    </Filter>
    <Filter Include="Form Files">
      <UniqueIdentifier>{99349809-55BA-4b9d-BF79-8FDBB0286EB3}</UniqueIdentifier>
      <Extensions>ui</Extensions>
      <ParseFiles>false</ParseFiles>
    </Filter>
    <Filter Include="Generated Files">
      <UniqueIdentifier>{71ED8ED8-ACB9-4CE9-BBE1-E00B30144E11}</UniqueIdentifier>
      <Extensions>cpp;c;cxx;moc;h;def;odl;idl;res;</Extensions>
    </Filter>
    <Filter Include="Generated Files">
      <UniqueIdentifier>{71ED8ED8-ACB9-4CE9-BBE1-E00B30144E11}</UniqueIdentifier>
      <Extensions>cpp;c;cxx;moc;h;def;odl;idl;res;</Extensions>
    </Filter>
    <Filter Include="Header Files">
      <UniqueIdentifier>{93995380-89BD-4b04-88EB-625FBE52EBFB}</UniqueIdentifier>
      <Extensions>h;hpp;hxx;hm;inl;inc;xsd</Extensions>
    </Filter>
    <Filter Include="Header Files">
      <UniqueIdentifier>{93995380-89BD-4b04-88EB-625FBE52EBFB}</UniqueIdentifier>
      <Extensions>h;hpp;hxx;hm;inl;inc;xsd</Extensions>
    </Filter>
    <Filter Include="Resource Files">
      <UniqueIdentifier>{D9D6E242-F8AF-46E4-B9FD-80ECBC20BA3E}</UniqueIdentifier>
      <Extensions>qrc;*</Extensions>
      <ParseFiles>false</ParseFiles>
    </Filter>
    <Filter Include="Resource Files">
      <UniqueIdentifier>{D9D6E242-F8AF-46E4-B9FD-80ECBC20BA3E}</UniqueIdentifier>
      <Extensions>qrc;*</Extensions>
      <ParseFiles>false</ParseFiles>
    </Filter>
    <Filter Include="Source Files">
      <UniqueIdentifier>{4FC737F1-C7A5-4376-A066-2A32D752A2FF}</UniqueIdentifier>
      <Extensions>cpp;c;cxx;def;odl;idl;hpj;bat;asm;asmx</Extensions>
    </Filter>
    <Filter Include="Source Files">
      <UniqueIdentifier>{4FC737F1-C7A5-4376-A066-2A32D752A2FF}</UniqueIdentifier>
      <Extensions>cpp;c;cxx;def;odl;idl;hpj;bat;asm;asmx</Extensions>
    </Filter>
  </ItemGroup>
  <ItemGroup>
    <ClCompile Include="amplitudeplatewindow.cpp">
      <Filter>Source Files</Filter>
    </ClCompile>
    <ClCompile Include="authorswindow.cpp">
      <Filter>Source Files</Filter>
    </ClCompile>
    <ClCompile Include="colortransform.cpp">
      <Filter>Source Files</Filter>
    </ClCompile>
    <ClCompile Include="complex.cpp">
      <Filter>Source Files</Filter>
    </ClCompile>
    <ClCompile Include="drawer.cpp">
      <Filter>Source Files</Filter>
    </ClCompile>
    <ClCompile Include="fontscalablelabel.cpp">
      <Filter>Source Files</Filter>
    </ClCompile>
    <ClCompile Include="fontscalablepushbutton.cpp">
      <Filter>Source Files</Filter>
    </ClCompile>
    <ClCompile Include="fontscalablespinbox.cpp">
      <Filter>Source Files</Filter>
    </ClCompile>
    <ClCompile Include="fresnel.cpp">
      <Filter>Source Files</Filter>
    </ClCompile>
    <ClCompile Include="hidpiscaler.cpp">
      <Filter>Source Files</Filter>
    </ClCompile>
    <ClCompile Include="intensitygraphwindow.cpp">
      <Filter>Source Files</Filter>
    </ClCompile>
    <ClCompile Include="intensityplot.cpp">
      <Filter>Source Files</Filter>
    </ClCompile>
    <ClCompile Include="introwindow.cpp">
      <Filter>Source Files</Filter>
    </ClCompile>
    <ClCompile Include="main.cpp">
      <Filter>Source Files</Filter>
    </ClCompile>
    <ClCompile Include="phaseplatewindow.cpp">
      <Filter>Source Files</Filter>
    </ClCompile>
    <ClCompile Include="qcustomplot.cpp">
      <Filter>Source Files</Filter>
    </ClCompile>
    <ClCompile Include="schemegraph.cpp">
      <Filter>Source Files</Filter>
    </ClCompile>
    <ClCompile Include="spiralgraph.cpp">
      <Filter>Source Files</Filter>
    </ClCompile>
    <ClCompile Include="titlewindow.cpp">
      <Filter>Source Files</Filter>
    </ClCompile>
    <ClCompile Include="zonesgraph.cpp">
      <Filter>Source Files</Filter>
    </ClCompile>
  </ItemGroup>
  <ItemGroup>
    <CustomBuild Include="amplitudeplatewindow.h">
      <Filter>Header Files</Filter>
    </CustomBuild>
    <CustomBuild Include="authorswindow.h">
      <Filter>Header Files</Filter>
    </CustomBuild>
    <ClInclude Include="colortransform.h">
      <Filter>Header Files</Filter>
    </ClInclude>
    <ClInclude Include="complex.h">
      <Filter>Header Files</Filter>
    </ClInclude>
    <ClInclude Include="drawer.h">
      <Filter>Header Files</Filter>
    </ClInclude>
    <CustomBuild Include="fontscalablelabel.h">
      <Filter>Header Files</Filter>
    </CustomBuild>
    <CustomBuild Include="fontscalablepushbutton.h">
      <Filter>Header Files</Filter>
    </CustomBuild>
    <CustomBuild Include="fontscalablespinbox.h">
      <Filter>Header Files</Filter>
    </CustomBuild>
    <ClInclude Include="fresnel.h">
      <Filter>Header Files</Filter>
    </ClInclude>
    <ClInclude Include="hidpiscaler.h">
      <Filter>Header Files</Filter>
    </ClInclude>
    <CustomBuild Include="intensitygraphwindow.h">
      <Filter>Header Files</Filter>
    </CustomBuild>
    <CustomBuild Include="intensityplot.h">
      <Filter>Header Files</Filter>
    </CustomBuild>
    <CustomBuild Include="introwindow.h">
      <Filter>Header Files</Filter>
    </CustomBuild>
    <CustomBuild Include="phaseplatewindow.h">
      <Filter>Header Files</Filter>
    </CustomBuild>
    <CustomBuild Include="qcustomplot.h">
      <Filter>Header Files</Filter>
    </CustomBuild>
    <ClInclude Include="qvectormax.h">
      <Filter>Header Files</Filter>
    </ClInclude>
    <CustomBuild Include="schemegraph.h">
      <Filter>Header Files</Filter>
    </CustomBuild>
    <CustomBuild Include="spiralgraph.h">
      <Filter>Header Files</Filter>
    </CustomBuild>
    <CustomBuild Include="titlewindow.h">
      <Filter>Header Files</Filter>
    </CustomBuild>
    <CustomBuild Include="zonesgraph.h">
      <Filter>Header Files</Filter>
    </CustomBuild>
  </ItemGroup>
  <ItemGroup>
    <ClCompile Include="debug\moc_amplitudeplatewindow.cpp">
      <Filter>Generated Files</Filter>
    </ClCompile>
    <ClCompile Include="release\moc_amplitudeplatewindow.cpp">
      <Filter>Generated Files</Filter>
    </ClCompile>
    <ClCompile Include="debug\moc_authorswindow.cpp">
      <Filter>Generated Files</Filter>
    </ClCompile>
    <ClCompile Include="release\moc_authorswindow.cpp">
      <Filter>Generated Files</Filter>
    </ClCompile>
    <ClCompile Include="debug\moc_fontscalablelabel.cpp">
      <Filter>Generated Files</Filter>
    </ClCompile>
    <ClCompile Include="release\moc_fontscalablelabel.cpp">
      <Filter>Generated Files</Filter>
    </ClCompile>
    <ClCompile Include="debug\moc_fontscalablepushbutton.cpp">
      <Filter>Generated Files</Filter>
    </ClCompile>
    <ClCompile Include="release\moc_fontscalablepushbutton.cpp">
      <Filter>Generated Files</Filter>
    </ClCompile>
    <ClCompile Include="debug\moc_fontscalablespinbox.cpp">
      <Filter>Generated Files</Filter>
    </ClCompile>
    <ClCompile Include="release\moc_fontscalablespinbox.cpp">
      <Filter>Generated Files</Filter>
    </ClCompile>
    <ClCompile Include="debug\moc_intensitygraphwindow.cpp">
      <Filter>Generated Files</Filter>
    </ClCompile>
    <ClCompile Include="release\moc_intensitygraphwindow.cpp">
      <Filter>Generated Files</Filter>
    </ClCompile>
    <ClCompile Include="debug\moc_intensityplot.cpp">
      <Filter>Generated Files</Filter>
    </ClCompile>
    <ClCompile Include="release\moc_intensityplot.cpp">
      <Filter>Generated Files</Filter>
    </ClCompile>
    <ClCompile Include="debug\moc_introwindow.cpp">
      <Filter>Generated Files</Filter>
    </ClCompile>
    <ClCompile Include="release\moc_introwindow.cpp">
      <Filter>Generated Files</Filter>
    </ClCompile>
    <ClCompile Include="debug\moc_phaseplatewindow.cpp">
      <Filter>Generated Files</Filter>
    </ClCompile>
    <ClCompile Include="release\moc_phaseplatewindow.cpp">
      <Filter>Generated Files</Filter>
    </ClCompile>
    <ClCompile Include="debug\moc_qcustomplot.cpp">
      <Filter>Generated Files</Filter>
    </ClCompile>
    <ClCompile Include="release\moc_qcustomplot.cpp">
      <Filter>Generated Files</Filter>
    </ClCompile>
    <ClCompile Include="debug\moc_schemegraph.cpp">
      <Filter>Generated Files</Filter>
    </ClCompile>
    <ClCompile Include="release\moc_schemegraph.cpp">
      <Filter>Generated Files</Filter>
    </ClCompile>
    <ClCompile Include="debug\moc_spiralgraph.cpp">
      <Filter>Generated Files</Filter>
    </ClCompile>
    <ClCompile Include="release\moc_spiralgraph.cpp">
      <Filter>Generated Files</Filter>
    </ClCompile>
    <ClCompile Include="debug\moc_titlewindow.cpp">
      <Filter>Generated Files</Filter>
    </ClCompile>
    <ClCompile Include="release\moc_titlewindow.cpp">
      <Filter>Generated Files</Filter>
    </ClCompile>
    <ClCompile Include="debug\moc_zonesgraph.cpp">
      <Filter>Generated Files</Filter>
    </ClCompile>
    <ClCompile Include="release\moc_zonesgraph.cpp">
      <Filter>Generated Files</Filter>
    </ClCompile>
    <ClCompile Include="debug\qrc_icons.cpp">
      <Filter>Generated Files</Filter>
    </ClCompile>
    <ClCompile Include="release\qrc_icons.cpp">
      <Filter>Generated Files</Filter>
    </ClCompile>
    <ClInclude Include="ui_amplitudeplatewindow.h">
      <Filter>Generated Files</Filter>
    </ClInclude>
    <ClInclude Include="ui_authorswindow.h">
      <Filter>Generated Files</Filter>
    </ClInclude>
    <ClInclude Include="ui_intensitygraphwindow.h">
      <Filter>Generated Files</Filter>
    </ClInclude>
    <ClInclude Include="ui_introwindow.h">
      <Filter>Generated Files</Filter>
    </ClInclude>
    <ClInclude Include="ui_phaseplatewindow.h">
      <Filter>Generated Files</Filter>
    </ClInclude>
    <ClInclude Include="ui_titlewindow.h">
      <Filter>Generated Files</Filter>
    </ClInclude>
  </ItemGroup>
  <ItemGroup>
    <CustomBuild Include="amplitudeplatewindow.ui">
      <Filter>Form Files</Filter>
    </CustomBuild>
    <CustomBuild Include="authorswindow.ui">
      <Filter>Form Files</Filter>
    </CustomBuild>
    <CustomBuild Include="intensitygraphwindow.ui">
      <Filter>Form Files</Filter>
    </CustomBuild>
    <CustomBuild Include="introwindow.ui">
      <Filter>Form Files</Filter>
    </CustomBuild>
    <CustomBuild Include="phaseplatewindow.ui">
      <Filter>Form Files</Filter>
    </CustomBuild>
    <CustomBuild Include="titlewindow.ui">
      <Filter>Form Files</Filter>
    </CustomBuild>
  </ItemGroup>
  <ItemGroup>
    <None Include="cmc-logo.svg">
      <Filter>Resource Files</Filter>
    </None>
    <CustomBuild Include="icons.qrc">
      <Filter>Resource Files</Filter>
    </CustomBuild>
    <None Include="lenya.png">
      <Filter>Resource Files</Filter>
    </None>
    <None Include="phys-logo.svg">
      <Filter>Resource Files</Filter>
    </None>
    <None Include="sanya.png">
      <Filter>Resource Files</Filter>
    </None>
  </ItemGroup>
</Project>